
Microsoft Visual Studio Solution File, Format Version 12.00
# Visual Studio Version 17
VisualStudioVersion = 17.0.31903.59
MinimumVisualStudioVersion = 10.0.40219.1
Project("{FAE04EC0-301F-11D3-BF4B-00C04F79EFBC}") = "CrmPlatform.IdentityService", "src/services/identity-service/CrmPlatform.IdentityService.csproj", "{C4E245EC-1EC7-504E-3284-A86200951649}"
EndProject
Project("{FAE04EC0-301F-11D3-BF4B-00C04F79EFBC}") = "CrmPlatform.IdentityService.Tests", "src/services/identity-service/Tests/CrmPlatform.IdentityService.Tests.csproj", "{9BF8542B-4872-4C5D-F083-5464D55CF979}"
EndProject
Project("{FAE04EC0-301F-11D3-BF4B-00C04F79EFBC}") = "CrmPlatform.PlatformAdminService", "src/services/platform-admin-service/CrmPlatform.PlatformAdminService.csproj", "{B55F306D-2003-7252-5958-D307D921D730}"
EndProject
Project("{FAE04EC0-301F-11D3-BF4B-00C04F79EFBC}") = "CrmPlatform.PlatformAdminService.Tests", "src/services/platform-admin-service/Tests/CrmPlatform.PlatformAdminService.Tests.csproj", "{B1130311-061C-FF61-D337-DBAC48681D9A}"
EndProject
Project("{FAE04EC0-301F-11D3-BF4B-00C04F79EFBC}") = "CrmPlatform.SfaService", "src/services/sfa-service/CrmPlatform.SfaService.csproj", "{3BA32DE3-0848-EAA2-8E3F-A13C54336080}"
EndProject
Project("{FAE04EC0-301F-11D3-BF4B-00C04F79EFBC}") = "CrmPlatform.SfaService.Tests", "src/services/sfa-service/Tests/CrmPlatform.SfaService.Tests.csproj", "{6FA3763D-3A4D-1DE2-3024-34D1F2570832}"
EndProject
Project("{FAE04EC0-301F-11D3-BF4B-00C04F79EFBC}") = "CrmPlatform.CssService", "src/services/css-service/CrmPlatform.CssService.csproj", "{FB3A2B7D-00B2-3A05-F6C4-68458F842B7E}"
EndProject
Project("{FAE04EC0-301F-11D3-BF4B-00C04F79EFBC}") = "CrmPlatform.CssService.Tests", "src/services/css-service/Tests/CrmPlatform.CssService.Tests.csproj", "{1BB02E86-A369-CFE6-FFF8-883D8EE6A440}"
EndProject
Project("{FAE04EC0-301F-11D3-BF4B-00C04F79EFBC}") = "CrmPlatform.MarketingService", "src/services/marketing-service/CrmPlatform.MarketingService.csproj", "{7F4AFC95-3508-F629-6901-2CC273D86C15}"
EndProject
Project("{FAE04EC0-301F-11D3-BF4B-00C04F79EFBC}") = "CrmPlatform.MarketingService.Tests", "src/services/marketing-service/Tests/CrmPlatform.MarketingService.Tests.csproj", "{C3F6E64D-CFDA-0F81-E4BD-DD19ABD7F0C3}"
EndProject
Project("{FAE04EC0-301F-11D3-BF4B-00C04F79EFBC}") = "CrmPlatform.AnalyticsService", "src/services/analytics-service/CrmPlatform.AnalyticsService.csproj", "{E2CE151C-F2A9-B5A6-312D-35D8CB44DF1B}"
EndProject
Project("{FAE04EC0-301F-11D3-BF4B-00C04F79EFBC}") = "CrmPlatform.AnalyticsService.Tests", "src/services/analytics-service/Tests/CrmPlatform.AnalyticsService.Tests.csproj", "{00730F41-2046-9748-A770-DA6793FD7238}"
EndProject
Project("{FAE04EC0-301F-11D3-BF4B-00C04F79EFBC}") = "CrmPlatform.NotificationService", "src/services/notification-service/CrmPlatform.NotificationService.csproj", "{F0AD2266-0B94-2874-2978-6E01F45915DF}"
EndProject
Project("{FAE04EC0-301F-11D3-BF4B-00C04F79EFBC}") = "CrmPlatform.NotificationService.Tests", "src/services/notification-service/Tests/CrmPlatform.NotificationService.Tests.csproj", "{70AACDF3-C563-5963-BA9B-CD655D32A639}"
EndProject
Project("{FAE04EC0-301F-11D3-BF4B-00C04F79EFBC}") = "CrmPlatform.IntegrationService", "src/services/integration-service/CrmPlatform.IntegrationService.csproj", "{B5A7F23F-4C06-5142-D63B-E07DA48C2C61}"
EndProject
Project("{FAE04EC0-301F-11D3-BF4B-00C04F79EFBC}") = "CrmPlatform.IntegrationService.Tests", "src/services/integration-service/Tests/CrmPlatform.IntegrationService.Tests.csproj", "{02949CDF-740A-7630-1530-3DB86EF5ABFB}"
EndProject
Project("{FAE04EC0-301F-11D3-BF4B-00C04F79EFBC}") = "CrmPlatform.AiOrchestrationService", "src/services/ai-orchestration-service/CrmPlatform.AiOrchestrationService.csproj", "{5DC30552-AEBE-A9E9-1EF8-CAB4A0C6433C}"
EndProject
Project("{FAE04EC0-301F-11D3-BF4B-00C04F79EFBC}") = "CrmPlatform.AiOrchestrationService.Tests", "src/services/ai-orchestration-service/Tests/CrmPlatform.AiOrchestrationService.Tests.csproj", "{E70E8720-E7B6-83F4-B899-F7090CC25F07}"
EndProject
Project("{FAE04EC0-301F-11D3-BF4B-00C04F79EFBC}") = "CrmPlatform.Functions.JourneyOrchestrator", "src/functions/journey-orchestrator/CrmPlatform.Functions.JourneyOrchestrator.csproj", "{25BA83C2-0EED-72A4-6D5F-E372345DEDC3}"
EndProject
Project("{FAE04EC0-301F-11D3-BF4B-00C04F79EFBC}") = "CrmPlatform.Functions.LeadScoreDecay", "src/functions/lead-score-decay/CrmPlatform.Functions.LeadScoreDecay.csproj", "{89B01647-C3A7-26C9-704F-35F0B49CCF9F}"
EndProject
Project("{FAE04EC0-301F-11D3-BF4B-00C04F79EFBC}") = "CrmPlatform.Functions.SlaOrchestrator", "src/functions/sla-orchestrator/CrmPlatform.Functions.SlaOrchestrator.csproj", "{31A5FD8F-92A6-1F96-75AF-42DB8B04FCB0}"
EndProject
Project("{FAE04EC0-301F-11D3-BF4B-00C04F79EFBC}") = "CrmPlatform.ServiceTemplate", "src/services/_template/CrmPlatform.ServiceTemplate.csproj", "{6B3C418E-3C4E-A9AF-A5F3-69A285225A71}"
EndProject
Project("{FAE04EC0-301F-11D3-BF4B-00C04F79EFBC}") = "CrmPlatform.AuthStub", "src/services/_local/auth-stub/CrmPlatform.AuthStub.csproj", "{33CD1EDC-8C51-764D-F549-0D5E83FD6EC2}"
EndProject
Project("{FAE04EC0-301F-11D3-BF4B-00C04F79EFBC}") = "CrmPlatform.StaffBff", "src/services/staff-bff/CrmPlatform.StaffBff.csproj", "{251372A9-DB88-3202-446D-BF17FAA0BC17}"
EndProject
Global
	GlobalSection(SolutionConfigurationPlatforms) = preSolution
		Debug|Any CPU = Debug|Any CPU
		Release|Any CPU = Release|Any CPU
	EndGlobalSection
	GlobalSection(ProjectConfigurationPlatforms) = postSolution
		{C4E245EC-1EC7-504E-3284-A86200951649}.Debug|Any CPU.ActiveCfg = Debug|Any CPU
		{C4E245EC-1EC7-504E-3284-A86200951649}.Debug|Any CPU.Build.0 = Debug|Any CPU
		{C4E245EC-1EC7-504E-3284-A86200951649}.Release|Any CPU.ActiveCfg = Release|Any CPU
		{C4E245EC-1EC7-504E-3284-A86200951649}.Release|Any CPU.Build.0 = Release|Any CPU
		{9BF8542B-4872-4C5D-F083-5464D55CF979}.Debug|Any CPU.ActiveCfg = Debug|Any CPU
		{9BF8542B-4872-4C5D-F083-5464D55CF979}.Debug|Any CPU.Build.0 = Debug|Any CPU
		{9BF8542B-4872-4C5D-F083-5464D55CF979}.Release|Any CPU.ActiveCfg = Release|Any CPU
		{9BF8542B-4872-4C5D-F083-5464D55CF979}.Release|Any CPU.Build.0 = Release|Any CPU
		{B55F306D-2003-7252-5958-D307D921D730}.Debug|Any CPU.ActiveCfg = Debug|Any CPU
		{B55F306D-2003-7252-5958-D307D921D730}.Debug|Any CPU.Build.0 = Debug|Any CPU
		{B55F306D-2003-7252-5958-D307D921D730}.Release|Any CPU.ActiveCfg = Release|Any CPU
		{B55F306D-2003-7252-5958-D307D921D730}.Release|Any CPU.Build.0 = Release|Any CPU
		{B1130311-061C-FF61-D337-DBAC48681D9A}.Debug|Any CPU.ActiveCfg = Debug|Any CPU
		{B1130311-061C-FF61-D337-DBAC48681D9A}.Debug|Any CPU.Build.0 = Debug|Any CPU
		{B1130311-061C-FF61-D337-DBAC48681D9A}.Release|Any CPU.ActiveCfg = Release|Any CPU
		{B1130311-061C-FF61-D337-DBAC48681D9A}.Release|Any CPU.Build.0 = Release|Any CPU
		{3BA32DE3-0848-EAA2-8E3F-A13C54336080}.Debug|Any CPU.ActiveCfg = Debug|Any CPU
		{3BA32DE3-0848-EAA2-8E3F-A13C54336080}.Debug|Any CPU.Build.0 = Debug|Any CPU
		{3BA32DE3-0848-EAA2-8E3F-A13C54336080}.Release|Any CPU.ActiveCfg = Release|Any CPU
		{3BA32DE3-0848-EAA2-8E3F-A13C54336080}.Release|Any CPU.Build.0 = Release|Any CPU
		{6FA3763D-3A4D-1DE2-3024-34D1F2570832}.Debug|Any CPU.ActiveCfg = Debug|Any CPU
		{6FA3763D-3A4D-1DE2-3024-34D1F2570832}.Debug|Any CPU.Build.0 = Debug|Any CPU
		{6FA3763D-3A4D-1DE2-3024-34D1F2570832}.Release|Any CPU.ActiveCfg = Release|Any CPU
		{6FA3763D-3A4D-1DE2-3024-34D1F2570832}.Release|Any CPU.Build.0 = Release|Any CPU
		{FB3A2B7D-00B2-3A05-F6C4-68458F842B7E}.Debug|Any CPU.ActiveCfg = Debug|Any CPU
		{FB3A2B7D-00B2-3A05-F6C4-68458F842B7E}.Debug|Any CPU.Build.0 = Debug|Any CPU
		{FB3A2B7D-00B2-3A05-F6C4-68458F842B7E}.Release|Any CPU.ActiveCfg = Release|Any CPU
		{FB3A2B7D-00B2-3A05-F6C4-68458F842B7E}.Release|Any CPU.Build.0 = Release|Any CPU
		{1BB02E86-A369-CFE6-FFF8-883D8EE6A440}.Debug|Any CPU.ActiveCfg = Debug|Any CPU
		{1BB02E86-A369-CFE6-FFF8-883D8EE6A440}.Debug|Any CPU.Build.0 = Debug|Any CPU
		{1BB02E86-A369-CFE6-FFF8-883D8EE6A440}.Release|Any CPU.ActiveCfg = Release|Any CPU
		{1BB02E86-A369-CFE6-FFF8-883D8EE6A440}.Release|Any CPU.Build.0 = Release|Any CPU
		{7F4AFC95-3508-F629-6901-2CC273D86C15}.Debug|Any CPU.ActiveCfg = Debug|Any CPU
		{7F4AFC95-3508-F629-6901-2CC273D86C15}.Debug|Any CPU.Build.0 = Debug|Any CPU
		{7F4AFC95-3508-F629-6901-2CC273D86C15}.Release|Any CPU.ActiveCfg = Release|Any CPU
		{7F4AFC95-3508-F629-6901-2CC273D86C15}.Release|Any CPU.Build.0 = Release|Any CPU
		{C3F6E64D-CFDA-0F81-E4BD-DD19ABD7F0C3}.Debug|Any CPU.ActiveCfg = Debug|Any CPU
		{C3F6E64D-CFDA-0F81-E4BD-DD19ABD7F0C3}.Debug|Any CPU.Build.0 = Debug|Any CPU
		{C3F6E64D-CFDA-0F81-E4BD-DD19ABD7F0C3}.Release|Any CPU.ActiveCfg = Release|Any CPU
		{C3F6E64D-CFDA-0F81-E4BD-DD19ABD7F0C3}.Release|Any CPU.Build.0 = Release|Any CPU
		{E2CE151C-F2A9-B5A6-312D-35D8CB44DF1B}.Debug|Any CPU.ActiveCfg = Debug|Any CPU
		{E2CE151C-F2A9-B5A6-312D-35D8CB44DF1B}.Debug|Any CPU.Build.0 = Debug|Any CPU
		{E2CE151C-F2A9-B5A6-312D-35D8CB44DF1B}.Release|Any CPU.ActiveCfg = Release|Any CPU
		{E2CE151C-F2A9-B5A6-312D-35D8CB44DF1B}.Release|Any CPU.Build.0 = Release|Any CPU
		{00730F41-2046-9748-A770-DA6793FD7238}.Debug|Any CPU.ActiveCfg = Debug|Any CPU
		{00730F41-2046-9748-A770-DA6793FD7238}.Debug|Any CPU.Build.0 = Debug|Any CPU
		{00730F41-2046-9748-A770-DA6793FD7238}.Release|Any CPU.ActiveCfg = Release|Any CPU
		{00730F41-2046-9748-A770-DA6793FD7238}.Release|Any CPU.Build.0 = Release|Any CPU
		{F0AD2266-0B94-2874-2978-6E01F45915DF}.Debug|Any CPU.ActiveCfg = Debug|Any CPU
		{F0AD2266-0B94-2874-2978-6E01F45915DF}.Debug|Any CPU.Build.0 = Debug|Any CPU
		{F0AD2266-0B94-2874-2978-6E01F45915DF}.Release|Any CPU.ActiveCfg = Release|Any CPU
		{F0AD2266-0B94-2874-2978-6E01F45915DF}.Release|Any CPU.Build.0 = Release|Any CPU
		{70AACDF3-C563-5963-BA9B-CD655D32A639}.Debug|Any CPU.ActiveCfg = Debug|Any CPU
		{70AACDF3-C563-5963-BA9B-CD655D32A639}.Debug|Any CPU.Build.0 = Debug|Any CPU
		{70AACDF3-C563-5963-BA9B-CD655D32A639}.Release|Any CPU.ActiveCfg = Release|Any CPU
		{70AACDF3-C563-5963-BA9B-CD655D32A639}.Release|Any CPU.Build.0 = Release|Any CPU
		{B5A7F23F-4C06-5142-D63B-E07DA48C2C61}.Debug|Any CPU.ActiveCfg = Debug|Any CPU
		{B5A7F23F-4C06-5142-D63B-E07DA48C2C61}.Debug|Any CPU.Build.0 = Debug|Any CPU
		{B5A7F23F-4C06-5142-D63B-E07DA48C2C61}.Release|Any CPU.ActiveCfg = Release|Any CPU
		{B5A7F23F-4C06-5142-D63B-E07DA48C2C61}.Release|Any CPU.Build.0 = Release|Any CPU
		{02949CDF-740A-7630-1530-3DB86EF5ABFB}.Debug|Any CPU.ActiveCfg = Debug|Any CPU
		{02949CDF-740A-7630-1530-3DB86EF5ABFB}.Debug|Any CPU.Build.0 = Debug|Any CPU
		{02949CDF-740A-7630-1530-3DB86EF5ABFB}.Release|Any CPU.ActiveCfg = Release|Any CPU
		{02949CDF-740A-7630-1530-3DB86EF5ABFB}.Release|Any CPU.Build.0 = Release|Any CPU
		{5DC30552-AEBE-A9E9-1EF8-CAB4A0C6433C}.Debug|Any CPU.ActiveCfg = Debug|Any CPU
		{5DC30552-AEBE-A9E9-1EF8-CAB4A0C6433C}.Debug|Any CPU.Build.0 = Debug|Any CPU
		{5DC30552-AEBE-A9E9-1EF8-CAB4A0C6433C}.Release|Any CPU.ActiveCfg = Release|Any CPU
		{5DC30552-AEBE-A9E9-1EF8-CAB4A0C6433C}.Release|Any CPU.Build.0 = Release|Any CPU
		{E70E8720-E7B6-83F4-B899-F7090CC25F07}.Debug|Any CPU.ActiveCfg = Debug|Any CPU
		{E70E8720-E7B6-83F4-B899-F7090CC25F07}.Debug|Any CPU.Build.0 = Debug|Any CPU
		{E70E8720-E7B6-83F4-B899-F7090CC25F07}.Release|Any CPU.ActiveCfg = Release|Any CPU
		{E70E8720-E7B6-83F4-B899-F7090CC25F07}.Release|Any CPU.Build.0 = Release|Any CPU
		{25BA83C2-0EED-72A4-6D5F-E372345DEDC3}.Debug|Any CPU.ActiveCfg = Debug|Any CPU
		{25BA83C2-0EED-72A4-6D5F-E372345DEDC3}.Debug|Any CPU.Build.0 = Debug|Any CPU
		{25BA83C2-0EED-72A4-6D5F-E372345DEDC3}.Release|Any CPU.ActiveCfg = Release|Any CPU
		{25BA83C2-0EED-72A4-6D5F-E372345DEDC3}.Release|Any CPU.Build.0 = Release|Any CPU
		{89B01647-C3A7-26C9-704F-35F0B49CCF9F}.Debug|Any CPU.ActiveCfg = Debug|Any CPU
		{89B01647-C3A7-26C9-704F-35F0B49CCF9F}.Debug|Any CPU.Build.0 = Debug|Any CPU
		{89B01647-C3A7-26C9-704F-35F0B49CCF9F}.Release|Any CPU.ActiveCfg = Release|Any CPU
		{89B01647-C3A7-26C9-704F-35F0B49CCF9F}.Release|Any CPU.Build.0 = Release|Any CPU
		{31A5FD8F-92A6-1F96-75AF-42DB8B04FCB0}.Debug|Any CPU.ActiveCfg = Debug|Any CPU
		{31A5FD8F-92A6-1F96-75AF-42DB8B04FCB0}.Debug|Any CPU.Build.0 = Debug|Any CPU
		{31A5FD8F-92A6-1F96-75AF-42DB8B04FCB0}.Release|Any CPU.ActiveCfg = Release|Any CPU
		{31A5FD8F-92A6-1F96-75AF-42DB8B04FCB0}.Release|Any CPU.Build.0 = Release|Any CPU
		{6B3C418E-3C4E-A9AF-A5F3-69A285225A71}.Debug|Any CPU.ActiveCfg = Debug|Any CPU
		{6B3C418E-3C4E-A9AF-A5F3-69A285225A71}.Debug|Any CPU.Build.0 = Debug|Any CPU
		{6B3C418E-3C4E-A9AF-A5F3-69A285225A71}.Release|Any CPU.ActiveCfg = Release|Any CPU
		{6B3C418E-3C4E-A9AF-A5F3-69A285225A71}.Release|Any CPU.Build.0 = Release|Any CPU
		{33CD1EDC-8C51-764D-F549-0D5E83FD6EC2}.Debug|Any CPU.ActiveCfg = Debug|Any CPU
		{33CD1EDC-8C51-764D-F549-0D5E83FD6EC2}.Debug|Any CPU.Build.0 = Debug|Any CPU
		{33CD1EDC-8C51-764D-F549-0D5E83FD6EC2}.Release|Any CPU.ActiveCfg = Release|Any CPU
		{33CD1EDC-8C51-764D-F549-0D5E83FD6EC2}.Release|Any CPU.Build.0 = Release|Any CPU
		{251372A9-DB88-3202-446D-BF17FAA0BC17}.Debug|Any CPU.ActiveCfg = Debug|Any CPU
		{251372A9-DB88-3202-446D-BF17FAA0BC17}.Debug|Any CPU.Build.0 = Debug|Any CPU
		{251372A9-DB88-3202-446D-BF17FAA0BC17}.Release|Any CPU.ActiveCfg = Release|Any CPU
		{251372A9-DB88-3202-446D-BF17FAA0BC17}.Release|Any CPU.Build.0 = Release|Any CPU
	EndGlobalSection
	GlobalSection(SolutionProperties) = preSolution
		HideSolutionNode = FALSE
	EndGlobalSection
EndGlobal

